
Microsoft Visual Studio Solution File, Format Version 12.00
# Visual Studio Version 17
VisualStudioVersion = 17.7.34202.233
MinimumVisualStudioVersion = 10.0.40219.1
Project("{FAE04EC0-301F-11D3-BF4B-00C04F79EFBC}") = "bank-app", "bank-app\bank-app.csproj", "{E56239D9-DE6B-459A-9AC3-3018549C7B12}"
EndProject
Global
	GlobalSection(SolutionConfigurationPlatforms) = preSolution
		Debug|Any CPU = Debug|Any CPU
		Release|Any CPU = Release|Any CPU
	EndGlobalSection
	GlobalSection(ProjectConfigurationPlatforms) = postSolution
		{E56239D9-DE6B-459A-9AC3-3018549C7B12}.Debug|Any CPU.ActiveCfg = Debug|Any CPU
		{E56239D9-DE6B-459A-9AC3-3018549C7B12}.Debug|Any CPU.Build.0 = Debug|Any CPU
		{E56239D9-DE6B-459A-9AC3-3018549C7B12}.Release|Any CPU.ActiveCfg = Release|Any CPU
		{E56239D9-DE6B-459A-9AC3-3018549C7B12}.Release|Any CPU.Build.0 = Release|Any CPU
	EndGlobalSection
	GlobalSection(SolutionProperties) = preSolution
		HideSolutionNode = FALSE
	EndGlobalSection
	GlobalSection(ExtensibilityGlobals) = postSolution
		SolutionGuid = {1B93759A-05A5-424E-B1C1-D6F03292E450}
	EndGlobalSection
EndGlobal
